
Microsoft Visual Studio Solution File, Format Version 12.00
# Visual Studio 15
VisualStudioVersion = 15.0.28307.1259
MinimumVisualStudioVersion = 10.0.40219.1
Project("{8BC9CEB8-8B4A-11D0-8D11-00A0C91BC942}") = "Task3", "Task3\Task3.vcxproj", "{9CD6684C-4FA8-4EE5-93D4-3CFDE9312760}"
EndProject
Project("{8BC9CEB8-8B4A-11D0-8D11-00A0C91BC942}") = "UnitTest1", "UnitTest1\UnitTest1.vcxproj", "{80DCACCC-7DDB-445A-B859-B4DD9E3CF3D5}"
EndProject
Global
	GlobalSection(SolutionConfigurationPlatforms) = preSolution
		Debug|x64 = Debug|x64
		Debug|x86 = Debug|x86
		Release|x64 = Release|x64
		Release|x86 = Release|x86
	EndGlobalSection
	GlobalSection(ProjectConfigurationPlatforms) = postSolution
		{9CD6684C-4FA8-4EE5-93D4-3CFDE9312760}.Debug|x64.ActiveCfg = Debug|x64
		{9CD6684C-4FA8-4EE5-93D4-3CFDE9312760}.Debug|x64.Build.0 = Debug|x64
		{9CD6684C-4FA8-4EE5-93D4-3CFDE9312760}.Debug|x86.ActiveCfg = Debug|Win32
		{9CD6684C-4FA8-4EE5-93D4-3CFDE9312760}.Debug|x86.Build.0 = Debug|Win32
		{9CD6684C-4FA8-4EE5-93D4-3CFDE9312760}.Release|x64.ActiveCfg = Release|x64
		{9CD6684C-4FA8-4EE5-93D4-3CFDE9312760}.Release|x64.Build.0 = Release|x64
		{9CD6684C-4FA8-4EE5-93D4-3CFDE9312760}.Release|x86.ActiveCfg = Release|Win32
		{9CD6684C-4FA8-4EE5-93D4-3CFDE9312760}.Release|x86.Build.0 = Release|Win32
		{80DCACCC-7DDB-445A-B859-B4DD9E3CF3D5}.Debug|x64.ActiveCfg = Debug|x64
		{80DCACCC-7DDB-445A-B859-B4DD9E3CF3D5}.Debug|x64.Build.0 = Debug|x64
		{80DCACCC-7DDB-445A-B859-B4DD9E3CF3D5}.Debug|x86.ActiveCfg = Debug|Win32
		{80DCACCC-7DDB-445A-B859-B4DD9E3CF3D5}.Debug|x86.Build.0 = Debug|Win32
		{80DCACCC-7DDB-445A-B859-B4DD9E3CF3D5}.Release|x64.ActiveCfg = Release|x64
		{80DCACCC-7DDB-445A-B859-B4DD9E3CF3D5}.Release|x64.Build.0 = Release|x64
		{80DCACCC-7DDB-445A-B859-B4DD9E3CF3D5}.Release|x86.ActiveCfg = Release|Win32
		{80DCACCC-7DDB-445A-B859-B4DD9E3CF3D5}.Release|x86.Build.0 = Release|Win32
	EndGlobalSection
	GlobalSection(SolutionProperties) = preSolution
		HideSolutionNode = FALSE
	EndGlobalSection
	GlobalSection(ExtensibilityGlobals) = postSolution
		SolutionGuid = {04269A68-DD24-4EDA-8EFE-7966CBC51D2F}
	EndGlobalSection
EndGlobal
